
Microsoft Visual Studio Solution File, Format Version 12.00
# Visual Studio Version 17
VisualStudioVersion = 17.13.35825.156 d17.13
MinimumVisualStudioVersion = 10.0.40219.1
Project("{FAE04EC0-301F-11D3-BF4B-00C04F79EFBC}") = "IoCExample", "IoCExample\IoCExample.csproj", "{C927759A-0A49-444D-B3A1-D313C3EA1EED}"
EndProject
Global
	GlobalSection(SolutionConfigurationPlatforms) = preSolution
		Debug|Any CPU = Debug|Any CPU
		Release|Any CPU = Release|Any CPU
	EndGlobalSection
	GlobalSection(ProjectConfigurationPlatforms) = postSolution
		{C927759A-0A49-444D-B3A1-D313C3EA1EED}.Debug|Any CPU.ActiveCfg = Debug|Any CPU
		{C927759A-0A49-444D-B3A1-D313C3EA1EED}.Debug|Any CPU.Build.0 = Debug|Any CPU
		{C927759A-0A49-444D-B3A1-D313C3EA1EED}.Release|Any CPU.ActiveCfg = Release|Any CPU
		{C927759A-0A49-444D-B3A1-D313C3EA1EED}.Release|Any CPU.Build.0 = Release|Any CPU
	EndGlobalSection
	GlobalSection(SolutionProperties) = preSolution
		HideSolutionNode = FALSE
	EndGlobalSection
	GlobalSection(ExtensibilityGlobals) = postSolution
		SolutionGuid = {48C41246-4918-442A-9763-1AC6CB4FDF06}
	EndGlobalSection
EndGlobal
